{
    "_readme": [
        "This file locks the dependencies of your project to a known state",
        "Read more about it at http://getcomposer.org/doc/01-basic-usage.md#composer-lock-the-lock-file"
    ],
    "hash": "d45bd61b86bb7eea1244e3fcaa203e51",
    "packages": [
        {
            "name": "jtreminio/vagrant-puppet-lamp",
            "version": "dev-master",
            "source": {
                "type": "git",
                "url": "https://github.com/jtreminio/vagrant-puppet-lamp.git",
                "reference": "1084b8c84250ea19510a8fda6ec2a00be4c56190"
            },
            "dist": {
                "type": "zip",
                "url": "https://api.github.com/repos/jtreminio/vagrant-puppet-lamp/zipball/1084b8c84250ea19510a8fda6ec2a00be4c56190",
                "reference": "1084b8c84250ea19510a8fda6ec2a00be4c56190",
                "shasum": ""
            },
            "type": "project",
            "extra": {
                "branch-alias": {
                    "dev-master": "1.x-dev"
                }
            },
            "notification-url": "https://packagist.org/downloads/",
            "license": [
                "MIT"
            ],
            "authors": [
                {
                    "name": "Juan Treminio",
                    "email": "jtreminio@gmail.com",
                    "homepage": "https://jtreminio.com"
                }
            ],
            "description": "Non-PHP! Everything you need to get a LAMP-based Puppet/Vagrant VM up and running in seconds!",
            "homepage": "https://github.com/jtreminio/vagrant-puppet-lamp",
            "keywords": [
                "lamp",
                "puppet",
                "vagrant",
                "virtual machine",
                "vm"
            ],
            "time": "2013-05-17 06:17:06"
        },
        {
            "name": "jtreminio/zimple",
            "version": "dev-master",
            "source": {
                "type": "git",
                "url": "https://github.com/jtreminio/Zimple.git",
                "reference": "7a967d3f99edd73cf7d05680afb9a5d0fb2131e1"
            },
            "dist": {
                "type": "zip",
                "url": "https://api.github.com/repos/jtreminio/Zimple/zipball/7a967d3f99edd73cf7d05680afb9a5d0fb2131e1",
                "reference": "7a967d3f99edd73cf7d05680afb9a5d0fb2131e1",
                "shasum": ""
            },
            "require": {
                "php": ">=5.3.0",
                "pimple/pimple": "1.0.*"
            },
            "require-dev": {
                "phpunit/phpunit": "3.7.*"
            },
            "type": "library",
            "extra": {
                "branch-alias": {
                    "dev-master": "2.0.x-dev"
                }
            },
            "autoload": {
                "psr-0": {
                    "jtreminio\\Zimple": "src/"
                }
            },
            "notification-url": "https://packagist.org/downloads/",
            "license": [
                "MIT"
            ],
            "authors": [
                {
                    "name": "Juan Treminio",
                    "email": "jtreminio@gmail.com",
                    "homepage": "http://jtreminio.com"
                }
            ],
            "description": "A wrapper for Pimple container that adds several useful features to make it easier to manage your code!",
            "homepage": "https://github.com/jtreminio/Zimple",
            "keywords": [
                "container",
                "dependency injection",
                "dic",
                "inversion of control",
                "ioc",
                "pimple",
                "testing",
                "unit testing"
            ],
            "time": "2013-05-06 13:23:05"
        },
        {
            "name": "pimple/pimple",
            "version": "dev-master",
            "source": {
                "type": "git",
                "url": "https://github.com/fabpot/Pimple.git",
                "reference": "v1.0.2"
            },
            "dist": {
                "type": "zip",
                "url": "https://api.github.com/repos/fabpot/Pimple/zipball/v1.0.2",
                "reference": "v1.0.2",
                "shasum": ""
            },
            "require": {
                "php": ">=5.3.0"
            },
            "type": "library",
            "extra": {
                "branch-alias": {
                    "dev-master": "1.0.x-dev"
                }
            },
            "autoload": {
                "psr-0": {
                    "Pimple": "lib/"
                }
            },
            "notification-url": "https://packagist.org/downloads/",
            "license": [
                "MIT"
            ],
            "authors": [
                {
                    "name": "Fabien Potencier",
                    "email": "fabien@symfony.com"
                }
            ],
            "description": "Pimple is a simple Dependency Injection Container for PHP 5.3",
            "homepage": "http://pimple.sensiolabs.org",
            "keywords": [
                "container",
                "dependency injection"
            ],
            "time": "2013-03-08 08:21:40"
        },
        {
            "name": "psr/log",
            "version": "1.0.0",
            "source": {
                "type": "git",
                "url": "https://github.com/php-fig/log",
                "reference": "1.0.0"
            },
            "dist": {
                "type": "zip",
                "url": "https://github.com/php-fig/log/archive/1.0.0.zip",
                "reference": "1.0.0",
                "shasum": ""
            },
            "type": "library",
            "autoload": {
                "psr-0": {
                    "Psr\\Log\\": ""
                }
            },
            "notification-url": "https://packagist.org/downloads/",
            "license": [
                "MIT"
            ],
            "authors": [
                {
                    "name": "PHP-FIG",
                    "homepage": "http://www.php-fig.org/"
                }
            ],
            "description": "Common interface for logging libraries",
            "keywords": [
                "log",
                "psr",
                "psr-3"
            ],
            "time": "2012-12-21 11:40:51"
        },
        {
            "name": "silex/silex",
            "version": "1.0.x-dev",
            "source": {
                "type": "git",
                "url": "https://github.com/fabpot/Silex.git",
                "reference": "7ae0fd8b871eaebf95b856940c47679da40666c6"
            },
            "dist": {
                "type": "zip",
                "url": "https://api.github.com/repos/fabpot/Silex/zipball/7ae0fd8b871eaebf95b856940c47679da40666c6",
                "reference": "7ae0fd8b871eaebf95b856940c47679da40666c6",
                "shasum": ""
            },
            "require": {
                "php": ">=5.3.3",
                "pimple/pimple": "1.*",
                "symfony/event-dispatcher": ">=2.1,<2.4-dev",
                "symfony/http-foundation": ">=2.1,<2.4-dev",
                "symfony/http-kernel": ">=2.1,<2.4-dev",
                "symfony/routing": ">=2.1,<2.4-dev"
            },
            "require-dev": {
                "doctrine/dbal": ">=2.2.0,<2.4.0-dev",
                "monolog/monolog": ">=1.4,<2.0,>=1.4.1",
                "swiftmailer/swiftmailer": "5.*",
                "symfony/browser-kit": ">=2.1,<2.4-dev",
                "symfony/config": ">=2.1,<2.4-dev",
                "symfony/css-selector": ">=2.1,<2.4-dev",
                "symfony/dom-crawler": ">=2.1,<2.4-dev",
                "symfony/finder": ">=2.1,<2.4-dev",
                "symfony/form": ">=2.1.4,<2.4-dev",
                "symfony/locale": ">=2.1,<2.4-dev",
                "symfony/monolog-bridge": ">=2.1,<2.4-dev",
                "symfony/options-resolver": ">=2.1,<2.4-dev",
                "symfony/process": ">=2.1,<2.4-dev",
                "symfony/security": ">=2.1,<2.4-dev",
                "symfony/serializer": ">=2.1,<2.4-dev",
                "symfony/translation": ">=2.1,<2.4-dev",
                "symfony/twig-bridge": ">=2.1,<2.4-dev",
                "symfony/validator": ">=2.1,<2.4-dev",
                "twig/twig": ">=1.8.0,<2.0-dev"
            },
            "suggest": {
                "symfony/browser-kit": ">=2.1,<2.4-dev",
                "symfony/css-selector": ">=2.1,<2.4-dev",
                "symfony/dom-crawler": ">=2.1,<2.4-dev",
                "symfony/form": ">= 2.1.4,<2.4-dev"
            },
            "type": "library",
            "extra": {
                "branch-alias": {
                    "dev-master": "1.0.x-dev"
                }
            },
            "autoload": {
                "psr-0": {
                    "Silex": "src/"
                }
            },
            "notification-url": "https://packagist.org/downloads/",
            "license": [
                "MIT"
            ],
            "authors": [
                {
                    "name": "Fabien Potencier",
                    "email": "fabien@symfony.com"
                },
                {
                    "name": "Igor Wiedler",
                    "email": "igor@wiedler.ch",
                    "homepage": "http://wiedler.ch/igor/"
                }
            ],
            "description": "The PHP micro-framework based on the Symfony2 Components",
            "homepage": "http://silex.sensiolabs.org",
            "keywords": [
                "microframework"
            ],
            "time": "2013-05-08 12:49:14"
        },
        {
            "name": "symfony/event-dispatcher",
            "version": "2.3.x-dev",
            "target-dir": "Symfony/Component/EventDispatcher",
            "source": {
                "type": "git",
                "url": "https://github.com/symfony/EventDispatcher.git",
                "reference": "v2.3.0-RC1"
            },
            "dist": {
                "type": "zip",
                "url": "https://api.github.com/repos/symfony/EventDispatcher/zipball/v2.3.0-RC1",
                "reference": "v2.3.0-RC1",
                "shasum": ""
            },
            "require": {
                "php": ">=5.3.3"
            },
            "require-dev": {
                "symfony/dependency-injection": ">=2.0,<3.0"
            },
            "suggest": {
                "symfony/dependency-injection": "",
                "symfony/http-kernel": ""
            },
            "type": "library",
            "extra": {
                "branch-alias": {
                    "dev-master": "2.3-dev"
                }
            },
            "autoload": {
                "psr-0": {
                    "Symfony\\Component\\EventDispatcher\\": ""
                }
            },
            "notification-url": "https://packagist.org/downloads/",
            "license": [
                "MIT"
            ],
            "authors": [
                {
                    "name": "Fabien Potencier",
                    "email": "fabien@symfony.com"
                },
                {
                    "name": "Symfony Community",
                    "homepage": "http://symfony.com/contributors"
                }
            ],
            "description": "Symfony EventDispatcher Component",
            "homepage": "http://symfony.com",
            "time": "2013-05-13 14:36:40"
        },
        {
            "name": "symfony/http-foundation",
            "version": "2.2.x-dev",
            "target-dir": "Symfony/Component/HttpFoundation",
            "source": {
                "type": "git",
                "url": "https://github.com/symfony/HttpFoundation.git",
                "reference": "4c8eea472b4103cb00013a48c592ac6fc5043457"
            },
            "dist": {
                "type": "zip",
                "url": "https://api.github.com/repos/symfony/HttpFoundation/zipball/4c8eea472b4103cb00013a48c592ac6fc5043457",
                "reference": "4c8eea472b4103cb00013a48c592ac6fc5043457",
                "shasum": ""
            },
            "require": {
                "php": ">=5.3.3"
            },
            "type": "library",
            "extra": {
                "branch-alias": {
                    "dev-master": "2.2-dev"
                }
            },
            "autoload": {
                "psr-0": {
                    "Symfony\\Component\\HttpFoundation\\": ""
                },
                "classmap": [
                    "Symfony/Component/HttpFoundation/Resources/stubs"
                ]
            },
            "notification-url": "https://packagist.org/downloads/",
            "license": [
                "MIT"
            ],
            "authors": [
                {
                    "name": "Fabien Potencier",
                    "email": "fabien@symfony.com"
                },
                {
                    "name": "Symfony Community",
                    "homepage": "http://symfony.com/contributors"
                }
            ],
            "description": "Symfony HttpFoundation Component",
            "homepage": "http://symfony.com",
            "time": "2013-04-30 17:05:10"
        },
        {
            "name": "symfony/http-kernel",
            "version": "2.2.x-dev",
            "target-dir": "Symfony/Component/HttpKernel",
            "source": {
                "type": "git",
                "url": "https://github.com/symfony/HttpKernel.git",
                "reference": "95f591c448982c0bcefc8913418a2018c54337cb"
            },
            "dist": {
                "type": "zip",
                "url": "https://api.github.com/repos/symfony/HttpKernel/zipball/95f591c448982c0bcefc8913418a2018c54337cb",
                "reference": "95f591c448982c0bcefc8913418a2018c54337cb",
                "shasum": ""
            },
            "require": {
                "php": ">=5.3.3",
                "psr/log": ">=1.0,<2.0",
                "symfony/event-dispatcher": ">=2.1,<3.0",
                "symfony/http-foundation": ">=2.2,<2.3-dev"
            },
            "require-dev": {
                "symfony/browser-kit": "2.2.*",
                "symfony/class-loader": ">=2.1,<3.0",
                "symfony/config": ">=2.0,<3.0",
                "symfony/console": "2.2.*",
                "symfony/dependency-injection": ">=2.0,<3.0",
                "symfony/finder": ">=2.0,<3.0",
                "symfony/process": ">=2.0,<3.0",
                "symfony/routing": ">=2.2,<2.3-dev",
                "symfony/stopwatch": ">=2.2,<2.3-dev"
            },
            "suggest": {
                "symfony/browser-kit": "2.2.*",
                "symfony/class-loader": "2.2.*",
                "symfony/config": "2.2.*",
                "symfony/console": "2.2.*",
                "symfony/dependency-injection": "2.2.*",
                "symfony/finder": "2.2.*"
            },
            "type": "library",
            "extra": {
                "branch-alias": {
                    "dev-master": "2.2-dev"
                }
            },
            "autoload": {
                "psr-0": {
                    "Symfony\\Component\\HttpKernel\\": ""
                }
            },
            "notification-url": "https://packagist.org/downloads/",
            "license": [
                "MIT"
            ],
            "authors": [
                {
                    "name": "Fabien Potencier",
                    "email": "fabien@symfony.com"
                },
                {
                    "name": "Symfony Community",
                    "homepage": "http://symfony.com/contributors"
                }
            ],
            "description": "Symfony HttpKernel Component",
            "homepage": "http://symfony.com",
            "time": "2013-05-10 16:49:00"
        },
        {
            "name": "symfony/routing",
            "version": "2.3.x-dev",
            "target-dir": "Symfony/Component/Routing",
            "source": {
                "type": "git",
                "url": "https://github.com/symfony/Routing.git",
                "reference": "v2.3.0-RC1"
            },
            "dist": {
                "type": "zip",
                "url": "https://api.github.com/repos/symfony/Routing/zipball/v2.3.0-RC1",
                "reference": "v2.3.0-RC1",
                "shasum": ""
            },
            "require": {
                "php": ">=5.3.3"
            },
            "require-dev": {
                "doctrine/common": ">=2.2,<3.0",
                "psr/log": ">=1.0,<2.0",
                "symfony/config": ">=2.2,<3.0",
                "symfony/yaml": ">=2.0,<3.0"
            },
            "suggest": {
                "doctrine/common": "",
                "symfony/config": "",
                "symfony/yaml": ""
            },
            "type": "library",
            "extra": {
                "branch-alias": {
                    "dev-master": "2.3-dev"
                }
            },
            "autoload": {
                "psr-0": {
                    "Symfony\\Component\\Routing\\": ""
                }
            },
            "notification-url": "https://packagist.org/downloads/",
            "license": [
                "MIT"
            ],
            "authors": [
                {
                    "name": "Fabien Potencier",
                    "email": "fabien@symfony.com"
                },
                {
                    "name": "Symfony Community",
                    "homepage": "http://symfony.com/contributors"
                }
            ],
            "description": "Symfony Routing Component",
            "homepage": "http://symfony.com",
            "time": "2013-05-13 14:36:40"
        },
        {
            "name": "symfony/twig-bridge",
            "version": "2.2.x-dev",
            "target-dir": "Symfony/Bridge/Twig",
            "source": {
                "type": "git",
                "url": "https://github.com/symfony/TwigBridge.git",
                "reference": "6cc23d22d663409c831cfa9fee753803e51a5789"
            },
            "dist": {
                "type": "zip",
                "url": "https://api.github.com/repos/symfony/TwigBridge/zipball/6cc23d22d663409c831cfa9fee753803e51a5789",
                "reference": "6cc23d22d663409c831cfa9fee753803e51a5789",
                "shasum": ""
            },
            "require": {
                "php": ">=5.3.3",
                "twig/twig": ">=1.11.0,<2.0"
            },
            "require-dev": {
                "symfony/form": "2.2.*",
                "symfony/http-kernel": ">=2.2,<2.3-dev",
                "symfony/routing": ">=2.2,<2.3-dev",
                "symfony/security": ">=2.0,<2.3-dev",
                "symfony/templating": ">=2.1,<3.0",
                "symfony/translation": ">=2.0,<2.3-dev",
                "symfony/yaml": ">=2.0,<3.0"
            },
            "suggest": {
                "symfony/form": "2.2.*",
                "symfony/http-kernel": "2.2.*",
                "symfony/routing": "2.2.*",
                "symfony/security": "2.2.*",
                "symfony/templating": "2.2.*",
                "symfony/translation": "2.2.*",
                "symfony/yaml": "2.2.*"
            },
            "type": "symfony-bridge",
            "extra": {
                "branch-alias": {
                    "dev-master": "2.2-dev"
                }
            },
            "autoload": {
                "psr-0": {
                    "Symfony\\Bridge\\Twig\\": ""
                }
            },
            "notification-url": "https://packagist.org/downloads/",
            "license": [
                "MIT"
            ],
            "authors": [
                {
                    "name": "Fabien Potencier",
                    "email": "fabien@symfony.com"
                },
                {
                    "name": "Symfony Community",
                    "homepage": "http://symfony.com/contributors"
                }
            ],
            "description": "Symfony Twig Bridge",
            "homepage": "http://symfony.com",
            "time": "2013-04-22 04:28:56"
        },
        {
            "name": "twig/twig",
            "version": "dev-master",
            "source": {
                "type": "git",
                "url": "https://github.com/fabpot/Twig.git",
                "reference": "f6ebd46fad09d88302f6511db6b1f08d22a80fba"
            },
            "dist": {
                "type": "zip",
                "url": "https://api.github.com/repos/fabpot/Twig/zipball/f6ebd46fad09d88302f6511db6b1f08d22a80fba",
                "reference": "f6ebd46fad09d88302f6511db6b1f08d22a80fba",
                "shasum": ""
            },
            "require": {
                "php": ">=5.2.4"
            },
            "type": "library",
            "extra": {
                "branch-alias": {
                    "dev-master": "1.13-dev"
                }
            },
            "autoload": {
                "psr-0": {
                    "Twig_": "lib/"
                }
            },
            "notification-url": "https://packagist.org/downloads/",
            "license": [
                "BSD-3"
            ],
            "authors": [
                {
                    "name": "Fabien Potencier",
                    "email": "fabien@symfony.com"
                },
                {
                    "name": "Armin Ronacher",
                    "email": "armin.ronacher@active-4.com"
                }
            ],
            "description": "Twig, the flexible, fast, and secure template language for PHP",
            "homepage": "http://twig.sensiolabs.org",
            "keywords": [
                "templating"
            ],
            "time": "2013-05-15 14:22:32"
        }
    ],
    "packages-dev": null,
    "aliases": [

    ],
    "minimum-stability": "dev",
    "stability-flags": {
        "jtreminio/zimple": 20,
        "jtreminio/vagrant-puppet-lamp": 20,
        "phpunit/phpunit": 20,
        "whatthejeff/nyancat-phpunit-resultprinter": 20
    },
    "platform": [

    ],
    "platform-dev": [

    ]
}
