FORGE
  remote: https://forgeapi.puppetlabs.com
  specs:
    puppetlabs-apache (1.1.0)
      puppetlabs-concat (>= 1.0.0)
      puppetlabs-stdlib (>= 2.4.0)
    puppetlabs-concat (1.1.0)
      puppetlabs-stdlib (>= 4.0.0)
    puppetlabs-stdlib (4.5.1)

DEPENDENCIES
  puppetlabs-apache (>= 1.1.0)
  puppetlabs-stdlib (>= 4.2.0)

